
Microsoft Visual Studio Solution File, Format Version 12.00
# Visual Studio Version 16
VisualStudioVersion = 16.0.29326.143
MinimumVisualStudioVersion = 15.0.26124.0
Project("{9A19103F-16F7-4668-BE54-9A1E7A4F7556}") = "Store.App", "Store.App\Store.App.csproj", "{DC873A75-E76B-4DF8-B0D9-26F07B7085CF}"
EndProject
Project("{2150E333-8FDC-42A3-9474-1A3956D46DE8}") = "Solution Items", "Solution Items", "{5514715A-2F73-4762-9CD2-88F9AE94AC6D}"
	ProjectSection(SolutionItems) = preProject
		.gitignore = .gitignore
	EndProjectSection
EndProject
Project("{9A19103F-16F7-4668-BE54-9A1E7A4F7556}") = "Domains.Library", "Domains.Library\Domains.Library.csproj", "{B2D7F9A7-EF5D-4021-8B90-D445D936A777}"
EndProject
Project("{9A19103F-16F7-4668-BE54-9A1E7A4F7556}") = "XUnitDomainsLibrary", "XUnitDomainsLibrary\XUnitDomainsLibrary.csproj", "{2183263A-07E7-4B6D-9FC0-219D41AA69D4}"
EndProject
Project("{FAE04EC0-301F-11D3-BF4B-00C04F79EFBC}") = "DbLibrary.Library", "DbLibrary.Library\DbLibrary.Library.csproj", "{84A6A2C8-9E05-4070-94CD-245FDCD30B03}"
EndProject
Global
	GlobalSection(SolutionConfigurationPlatforms) = preSolution
		Debug|Any CPU = Debug|Any CPU
		Release|Any CPU = Release|Any CPU
	EndGlobalSection
	GlobalSection(ProjectConfigurationPlatforms) = postSolution
		{DC873A75-E76B-4DF8-B0D9-26F07B7085CF}.Debug|Any CPU.ActiveCfg = Debug|Any CPU
		{DC873A75-E76B-4DF8-B0D9-26F07B7085CF}.Debug|Any CPU.Build.0 = Debug|Any CPU
		{DC873A75-E76B-4DF8-B0D9-26F07B7085CF}.Release|Any CPU.ActiveCfg = Release|Any CPU
		{DC873A75-E76B-4DF8-B0D9-26F07B7085CF}.Release|Any CPU.Build.0 = Release|Any CPU
		{B2D7F9A7-EF5D-4021-8B90-D445D936A777}.Debug|Any CPU.ActiveCfg = Debug|Any CPU
		{B2D7F9A7-EF5D-4021-8B90-D445D936A777}.Debug|Any CPU.Build.0 = Debug|Any CPU
		{B2D7F9A7-EF5D-4021-8B90-D445D936A777}.Release|Any CPU.ActiveCfg = Release|Any CPU
		{B2D7F9A7-EF5D-4021-8B90-D445D936A777}.Release|Any CPU.Build.0 = Release|Any CPU
		{2183263A-07E7-4B6D-9FC0-219D41AA69D4}.Debug|Any CPU.ActiveCfg = Debug|Any CPU
		{2183263A-07E7-4B6D-9FC0-219D41AA69D4}.Debug|Any CPU.Build.0 = Debug|Any CPU
		{2183263A-07E7-4B6D-9FC0-219D41AA69D4}.Release|Any CPU.ActiveCfg = Release|Any CPU
		{2183263A-07E7-4B6D-9FC0-219D41AA69D4}.Release|Any CPU.Build.0 = Release|Any CPU
		{84A6A2C8-9E05-4070-94CD-245FDCD30B03}.Debug|Any CPU.ActiveCfg = Debug|Any CPU
		{84A6A2C8-9E05-4070-94CD-245FDCD30B03}.Debug|Any CPU.Build.0 = Debug|Any CPU
		{84A6A2C8-9E05-4070-94CD-245FDCD30B03}.Release|Any CPU.ActiveCfg = Release|Any CPU
		{84A6A2C8-9E05-4070-94CD-245FDCD30B03}.Release|Any CPU.Build.0 = Release|Any CPU
	EndGlobalSection
	GlobalSection(SolutionProperties) = preSolution
		HideSolutionNode = FALSE
	EndGlobalSection
	GlobalSection(ExtensibilityGlobals) = postSolution
		SolutionGuid = {8307D749-E115-435E-BB82-D71F6F32B4BD}
	EndGlobalSection
EndGlobal
